
Microsoft Visual Studio Solution File, Format Version 12.00
# Visual Studio Version 16
VisualStudioVersion = 16.0.30406.217
MinimumVisualStudioVersion = 10.0.40219.1
Project("{9A19103F-16F7-4668-BE54-9A1E7A4F7556}") = "UserManagement.Api", "UserManagement.Api\UserManagement.Api.csproj", "{8B8D3338-76EB-4929-B98D-E124DD4EE41B}"
EndProject
Project("{9A19103F-16F7-4668-BE54-9A1E7A4F7556}") = "UserManagement.UI", "UserManagement.UI\UserManagement.UI.csproj", "{15FE9B11-591D-4A5C-9C9C-A2F7189DF4F6}"
EndProject
Project("{FAE04EC0-301F-11D3-BF4B-00C04F79EFBC}") = "UserManagement.UnitTest", "UserManagement.UnitTest\UserManagement.UnitTest.csproj", "{FA2B1B05-0177-482A-92B2-615BE89E0374}"
EndProject
Global
	GlobalSection(SolutionConfigurationPlatforms) = preSolution
		Debug|Any CPU = Debug|Any CPU
		Release|Any CPU = Release|Any CPU
	EndGlobalSection
	GlobalSection(ProjectConfigurationPlatforms) = postSolution
		{8B8D3338-76EB-4929-B98D-E124DD4EE41B}.Debug|Any CPU.ActiveCfg = Debug|Any CPU
		{8B8D3338-76EB-4929-B98D-E124DD4EE41B}.Debug|Any CPU.Build.0 = Debug|Any CPU
		{8B8D3338-76EB-4929-B98D-E124DD4EE41B}.Release|Any CPU.ActiveCfg = Release|Any CPU
		{8B8D3338-76EB-4929-B98D-E124DD4EE41B}.Release|Any CPU.Build.0 = Release|Any CPU
		{15FE9B11-591D-4A5C-9C9C-A2F7189DF4F6}.Debug|Any CPU.ActiveCfg = Debug|Any CPU
		{15FE9B11-591D-4A5C-9C9C-A2F7189DF4F6}.Debug|Any CPU.Build.0 = Debug|Any CPU
		{15FE9B11-591D-4A5C-9C9C-A2F7189DF4F6}.Release|Any CPU.ActiveCfg = Release|Any CPU
		{15FE9B11-591D-4A5C-9C9C-A2F7189DF4F6}.Release|Any CPU.Build.0 = Release|Any CPU
		{FA2B1B05-0177-482A-92B2-615BE89E0374}.Debug|Any CPU.ActiveCfg = Debug|Any CPU
		{FA2B1B05-0177-482A-92B2-615BE89E0374}.Debug|Any CPU.Build.0 = Debug|Any CPU
		{FA2B1B05-0177-482A-92B2-615BE89E0374}.Release|Any CPU.ActiveCfg = Release|Any CPU
		{FA2B1B05-0177-482A-92B2-615BE89E0374}.Release|Any CPU.Build.0 = Release|Any CPU
	EndGlobalSection
	GlobalSection(SolutionProperties) = preSolution
		HideSolutionNode = FALSE
	EndGlobalSection
	GlobalSection(ExtensibilityGlobals) = postSolution
		SolutionGuid = {B10B8A52-6C73-41EE-A443-AA07EE366E0E}
	EndGlobalSection
EndGlobal
